# This file is autogenerated, do not edit; changes may be undone by the next 'dep ensure'.


[[projects]]
  name = "github.com/ddliu/go-httpclient"
  packages = ["."]
  revision = "72917d81d0423a6235790470d15a4d099e3490f9"
  version = "v0.5.1"

[[projects]]
  name = "github.com/jinzhu/gorm"
  packages = ["."]
  revision = "6ed508ec6a4ecb3531899a69cbc746ccf65a4166"
  version = "v1.9.1"

[[projects]]
  branch = "master"
  name = "github.com/jinzhu/inflection"
  packages = ["."]
  revision = "04140366298a54a039076d798123ffa108fff46c"

[solve-meta]
  analyzer-name = "dep"
  analyzer-version = 1
  inputs-digest = "d3faec81d8c85c887baf2c8b631b48e01dc88e7c9b6434f6a37666d5891d3bee"
  solver-name = "gps-cdcl"
  solver-version = 1
